
Microsoft Visual Studio Solution File, Format Version 12.00
# Visual Studio Version 16
VisualStudioVersion = 16.0.30320.27
MinimumVisualStudioVersion = 10.0.40219.1
Project("{FAE04EC0-301F-11D3-BF4B-00C04F79EFBC}") = "BIEMM", "BIEMM\BIEMM.csproj", "{0204A8FB-4B45-44A7-83D5-92188003423B}"
EndProject
Global
	GlobalSection(SolutionConfigurationPlatforms) = preSolution
		Debug|Any CPU = Debug|Any CPU
		Release|Any CPU = Release|Any CPU
	EndGlobalSection
	GlobalSection(ProjectConfigurationPlatforms) = postSolution
		{0204A8FB-4B45-44A7-83D5-92188003423B}.Debug|Any CPU.ActiveCfg = Debug|Any CPU
		{0204A8FB-4B45-44A7-83D5-92188003423B}.Debug|Any CPU.Build.0 = Debug|Any CPU
		{0204A8FB-4B45-44A7-83D5-92188003423B}.Release|Any CPU.ActiveCfg = Release|Any CPU
		{0204A8FB-4B45-44A7-83D5-92188003423B}.Release|Any CPU.Build.0 = Release|Any CPU
	EndGlobalSection
	GlobalSection(SolutionProperties) = preSolution
		HideSolutionNode = FALSE
	EndGlobalSection
	GlobalSection(ExtensibilityGlobals) = postSolution
		SolutionGuid = {BADD61CB-44D9-463E-A7FC-644B448C5F85}
	EndGlobalSection
EndGlobal
